hash: 434c4ae56d10333163e890b168646bfa421792f5626ad12d83516164f97e13f2
updated: 2018-01-16T20:36:19.743526+05:30
imports:
- name: github.com/aerospike/aerospike-client-go
  version: a769a21c4817057512f54a9718872175f3a48896
  subpackages:
  - internal/lua
  - internal/lua/resources
  - logger
  - pkg/bcrypt
  - pkg/ripemd160
  - types
  - types/atomic
  - types/particle_type
  - types/rand
  - utils/buffer
- name: github.com/beorn7/perks
  version: 4c0e84591b9aa9e6dcfdf3e020114cd81f89d5f9
  subpackages:
  - quantile
- name: github.com/golang/protobuf
  version: 1e59b77b52bf8e4b449a57e6f79f21226d571845
  subpackages:
  - proto
- name: github.com/matttproud/golang_protobuf_extensions
  version: c12348ce28de40eed0136aa2b644d0ee0650e56c
  subpackages:
  - pbutil
- name: github.com/prometheus/client_golang
  version: f02bfc3484a6b03d1fc00d72d86add103ef9567b
  subpackages:
  - prometheus
- name: github.com/prometheus/client_model
  version: 99fa1f4be8e564e8a6b613da7fa6f46c9edafc6c
  subpackages:
  - go
- name: github.com/prometheus/common
  version: 89604d197083d4781071d3c65855d24ecfb0a563
  subpackages:
  - expfmt
  - internal/bitbucket.org/ww/goautoneg
  - model
- name: github.com/prometheus/procfs
  version: b15cd069a83443be3154b719d0cc9fe8117f09fb
  subpackages:
  - xfs
- name: github.com/yuin/gopher-lua
  version: 478861c8ce6e8c2f16d5984d5ed30c4327c70437
  subpackages:
  - ast
  - parse
  - pm
testImports: []
